
Microsoft Visual Studio Solution File, Format Version 12.00
# Visual Studio Version 18
VisualStudioVersion = 18.3.11312.210 d18.3
MinimumVisualStudioVersion = 10.0.40219.1
Project("{9A19103F-16F7-4668-BE54-9A1E7A4F7556}") = "Playground.API", "Web\Playground.API\Playground.API.csproj", "{8460B30D-32D0-464A-BE38-717A232AB4E0}"
EndProject
Project("{9A19103F-16F7-4668-BE54-9A1E7A4F7556}") = "Playground.Domain", "ApplicationCore\Playground.Domain\Playground.Domain.csproj", "{722D354A-44CB-47F2-A951-B598EC42F807}"
EndProject
Project("{2150E333-8FDC-42A3-9474-1A3956D46DE8}") = "ApplicationCore", "ApplicationCore", "{303757B5-5DAC-472D-9B47-CC8C877F306F}"
EndProject
Project("{2150E333-8FDC-42A3-9474-1A3956D46DE8}") = "Infrastructure", "Infrastructure", "{A329F0DF-E968-48C1-A945-F897E0237ED2}"
EndProject
Project("{9A19103F-16F7-4668-BE54-9A1E7A4F7556}") = "Playground.Infrastructure", "Infrastructure\Playground.Infrastructure\Playground.Infrastructure.csproj", "{FE1EC310-0355-4DDE-9B3D-4C5EA6A68F2A}"
EndProject
Project("{9A19103F-16F7-4668-BE54-9A1E7A4F7556}") = "Playground.Application", "ApplicationCore\Playground.Application\Playground.Application.csproj", "{3BD63324-1886-4371-8B26-C732665AC486}"
EndProject
Project("{9A19103F-16F7-4668-BE54-9A1E7A4F7556}") = "Playground.Persistence", "Infrastructure\Playground.Persistence\Playground.Persistence.csproj", "{F2EDFA42-C283-4886-ADE5-DF245848851F}"
EndProject
Project("{2150E333-8FDC-42A3-9474-1A3956D46DE8}") = "src", "src", "{A746190A-D50E-4512-A269-80140EFBCA83}"
EndProject
Project("{2150E333-8FDC-42A3-9474-1A3956D46DE8}") = "Solution Items", "Solution Items", "{F07334A9-592E-403F-A6CB-C96DE60B3A80}"
	ProjectSection(SolutionItems) = preProject
		..\README.md = ..\README.md
	EndProjectSection
EndProject
Project("{9A19103F-16F7-4668-BE54-9A1E7A4F7556}") = "Playground.Utils", "ApplicationCore\Playground.Utils\Playground.Utils.csproj", "{7C91B371-2BEB-4324-BCD8-BD5FCAD68FD6}"
EndProject
Project("{9A19103F-16F7-4668-BE54-9A1E7A4F7556}") = "Playground.Messaging.RabbitMq", "Infrastructure\Playground.Messaging.RabbitMq\Playground.Messaging.RabbitMq.csproj", "{3E764B6A-5A01-4082-ABED-3A001A313B66}"
EndProject
Project("{9A19103F-16F7-4668-BE54-9A1E7A4F7556}") = "Playground.Messaging.Kafka", "Infrastructure\Playground.Messaging.Kafka\Playground.Messaging.Kafka.csproj", "{6F64043E-879B-4E91-A2F0-A639CE431F6B}"
EndProject
Project("{E53339B2-1760-4266-BCC7-CA923CBCF16C}") = "docker-compose", "docker-compose.dcproj", "{09BC51E5-E5AF-42AC-8020-B65973DCDB17}"
EndProject
Project("{2150E333-8FDC-42A3-9474-1A3956D46DE8}") = "tests", "tests", "{A9CD3F0D-AE5A-483A-A9AC-4ADC895ACF56}"
EndProject
Project("{9A19103F-16F7-4668-BE54-9A1E7A4F7556}") = "Playground.IntegrationTests", "..\tests\Playground.IntegrationTests\Playground.IntegrationTests.csproj", "{7F1A3F41-AEF6-4CA8-BA3F-F24A968079D2}"
EndProject
Project("{9A19103F-16F7-4668-BE54-9A1E7A4F7556}") = "Playground.FunctionalTests", "..\tests\Playground.FunctionalTests\Playground.FunctionalTests.csproj", "{1A9BB3BE-B029-464C-BA49-9AE5450D7EFB}"
EndProject
Project("{9A19103F-16F7-4668-BE54-9A1E7A4F7556}") = "Playground.UnitTests", "..\tests\Playground.UnitTests\Playground.UnitTests.csproj", "{3FDAD541-15D2-4694-9161-780F0F82883A}"
EndProject
Global
	GlobalSection(SolutionConfigurationPlatforms) = preSolution
		Debug|Any CPU = Debug|Any CPU
		Release|Any CPU = Release|Any CPU
	EndGlobalSection
	GlobalSection(ProjectConfigurationPlatforms) = postSolution
		{8460B30D-32D0-464A-BE38-717A232AB4E0}.Debug|Any CPU.ActiveCfg = Debug|Any CPU
		{8460B30D-32D0-464A-BE38-717A232AB4E0}.Debug|Any CPU.Build.0 = Debug|Any CPU
		{8460B30D-32D0-464A-BE38-717A232AB4E0}.Release|Any CPU.ActiveCfg = Release|Any CPU
		{8460B30D-32D0-464A-BE38-717A232AB4E0}.Release|Any CPU.Build.0 = Release|Any CPU
		{722D354A-44CB-47F2-A951-B598EC42F807}.Debug|Any CPU.ActiveCfg = Debug|Any CPU
		{722D354A-44CB-47F2-A951-B598EC42F807}.Debug|Any CPU.Build.0 = Debug|Any CPU
		{722D354A-44CB-47F2-A951-B598EC42F807}.Release|Any CPU.ActiveCfg = Release|Any CPU
		{722D354A-44CB-47F2-A951-B598EC42F807}.Release|Any CPU.Build.0 = Release|Any CPU
		{FE1EC310-0355-4DDE-9B3D-4C5EA6A68F2A}.Debug|Any CPU.ActiveCfg = Debug|Any CPU
		{FE1EC310-0355-4DDE-9B3D-4C5EA6A68F2A}.Debug|Any CPU.Build.0 = Debug|Any CPU
		{FE1EC310-0355-4DDE-9B3D-4C5EA6A68F2A}.Release|Any CPU.ActiveCfg = Release|Any CPU
		{FE1EC310-0355-4DDE-9B3D-4C5EA6A68F2A}.Release|Any CPU.Build.0 = Release|Any CPU
		{3BD63324-1886-4371-8B26-C732665AC486}.Debug|Any CPU.ActiveCfg = Debug|Any CPU
		{3BD63324-1886-4371-8B26-C732665AC486}.Debug|Any CPU.Build.0 = Debug|Any CPU
		{3BD63324-1886-4371-8B26-C732665AC486}.Release|Any CPU.ActiveCfg = Release|Any CPU
		{3BD63324-1886-4371-8B26-C732665AC486}.Release|Any CPU.Build.0 = Release|Any CPU
		{F2EDFA42-C283-4886-ADE5-DF245848851F}.Debug|Any CPU.ActiveCfg = Debug|Any CPU
		{F2EDFA42-C283-4886-ADE5-DF245848851F}.Debug|Any CPU.Build.0 = Debug|Any CPU
		{F2EDFA42-C283-4886-ADE5-DF245848851F}.Release|Any CPU.ActiveCfg = Release|Any CPU
		{F2EDFA42-C283-4886-ADE5-DF245848851F}.Release|Any CPU.Build.0 = Release|Any CPU
		{7C91B371-2BEB-4324-BCD8-BD5FCAD68FD6}.Debug|Any CPU.ActiveCfg = Debug|Any CPU
		{7C91B371-2BEB-4324-BCD8-BD5FCAD68FD6}.Debug|Any CPU.Build.0 = Debug|Any CPU
		{7C91B371-2BEB-4324-BCD8-BD5FCAD68FD6}.Release|Any CPU.ActiveCfg = Release|Any CPU
		{7C91B371-2BEB-4324-BCD8-BD5FCAD68FD6}.Release|Any CPU.Build.0 = Release|Any CPU
		{3E764B6A-5A01-4082-ABED-3A001A313B66}.Debug|Any CPU.ActiveCfg = Debug|Any CPU
		{3E764B6A-5A01-4082-ABED-3A001A313B66}.Debug|Any CPU.Build.0 = Debug|Any CPU
		{3E764B6A-5A01-4082-ABED-3A001A313B66}.Release|Any CPU.ActiveCfg = Release|Any CPU
		{3E764B6A-5A01-4082-ABED-3A001A313B66}.Release|Any CPU.Build.0 = Release|Any CPU
		{6F64043E-879B-4E91-A2F0-A639CE431F6B}.Debug|Any CPU.ActiveCfg = Debug|Any CPU
		{6F64043E-879B-4E91-A2F0-A639CE431F6B}.Debug|Any CPU.Build.0 = Debug|Any CPU
		{6F64043E-879B-4E91-A2F0-A639CE431F6B}.Release|Any CPU.ActiveCfg = Release|Any CPU
		{6F64043E-879B-4E91-A2F0-A639CE431F6B}.Release|Any CPU.Build.0 = Release|Any CPU
		{09BC51E5-E5AF-42AC-8020-B65973DCDB17}.Debug|Any CPU.ActiveCfg = Debug|Any CPU
		{09BC51E5-E5AF-42AC-8020-B65973DCDB17}.Debug|Any CPU.Build.0 = Debug|Any CPU
		{09BC51E5-E5AF-42AC-8020-B65973DCDB17}.Release|Any CPU.ActiveCfg = Release|Any CPU
		{09BC51E5-E5AF-42AC-8020-B65973DCDB17}.Release|Any CPU.Build.0 = Release|Any CPU
		{7F1A3F41-AEF6-4CA8-BA3F-F24A968079D2}.Debug|Any CPU.ActiveCfg = Debug|Any CPU
		{7F1A3F41-AEF6-4CA8-BA3F-F24A968079D2}.Debug|Any CPU.Build.0 = Debug|Any CPU
		{7F1A3F41-AEF6-4CA8-BA3F-F24A968079D2}.Release|Any CPU.ActiveCfg = Release|Any CPU
		{7F1A3F41-AEF6-4CA8-BA3F-F24A968079D2}.Release|Any CPU.Build.0 = Release|Any CPU
		{1A9BB3BE-B029-464C-BA49-9AE5450D7EFB}.Debug|Any CPU.ActiveCfg = Debug|Any CPU
		{1A9BB3BE-B029-464C-BA49-9AE5450D7EFB}.Debug|Any CPU.Build.0 = Debug|Any CPU
		{1A9BB3BE-B029-464C-BA49-9AE5450D7EFB}.Release|Any CPU.ActiveCfg = Release|Any CPU
		{1A9BB3BE-B029-464C-BA49-9AE5450D7EFB}.Release|Any CPU.Build.0 = Release|Any CPU
		{3FDAD541-15D2-4694-9161-780F0F82883A}.Debug|Any CPU.ActiveCfg = Debug|Any CPU
		{3FDAD541-15D2-4694-9161-780F0F82883A}.Debug|Any CPU.Build.0 = Debug|Any CPU
		{3FDAD541-15D2-4694-9161-780F0F82883A}.Release|Any CPU.ActiveCfg = Release|Any CPU
		{3FDAD541-15D2-4694-9161-780F0F82883A}.Release|Any CPU.Build.0 = Release|Any CPU
	EndGlobalSection
	GlobalSection(SolutionProperties) = preSolution
		HideSolutionNode = FALSE
	EndGlobalSection
	GlobalSection(NestedProjects) = preSolution
		{8460B30D-32D0-464A-BE38-717A232AB4E0} = {A746190A-D50E-4512-A269-80140EFBCA83}
		{722D354A-44CB-47F2-A951-B598EC42F807} = {303757B5-5DAC-472D-9B47-CC8C877F306F}
		{303757B5-5DAC-472D-9B47-CC8C877F306F} = {A746190A-D50E-4512-A269-80140EFBCA83}
		{A329F0DF-E968-48C1-A945-F897E0237ED2} = {A746190A-D50E-4512-A269-80140EFBCA83}
		{FE1EC310-0355-4DDE-9B3D-4C5EA6A68F2A} = {A329F0DF-E968-48C1-A945-F897E0237ED2}
		{3BD63324-1886-4371-8B26-C732665AC486} = {303757B5-5DAC-472D-9B47-CC8C877F306F}
		{F2EDFA42-C283-4886-ADE5-DF245848851F} = {A329F0DF-E968-48C1-A945-F897E0237ED2}
		{7C91B371-2BEB-4324-BCD8-BD5FCAD68FD6} = {303757B5-5DAC-472D-9B47-CC8C877F306F}
		{3E764B6A-5A01-4082-ABED-3A001A313B66} = {A329F0DF-E968-48C1-A945-F897E0237ED2}
		{6F64043E-879B-4E91-A2F0-A639CE431F6B} = {A329F0DF-E968-48C1-A945-F897E0237ED2}
		{7F1A3F41-AEF6-4CA8-BA3F-F24A968079D2} = {A9CD3F0D-AE5A-483A-A9AC-4ADC895ACF56}
		{1A9BB3BE-B029-464C-BA49-9AE5450D7EFB} = {A9CD3F0D-AE5A-483A-A9AC-4ADC895ACF56}
		{3FDAD541-15D2-4694-9161-780F0F82883A} = {A9CD3F0D-AE5A-483A-A9AC-4ADC895ACF56}
	EndGlobalSection
	GlobalSection(ExtensibilityGlobals) = postSolution
		SolutionGuid = {BF6192FB-3BD1-4153-A9F9-8112B8F99299}
	EndGlobalSection
EndGlobal
