
Microsoft Visual Studio Solution File, Format Version 12.00
# Visual Studio Version 16
VisualStudioVersion = 16.0.31129.286
MinimumVisualStudioVersion = 10.0.40219.1
Project("{FAE04EC0-301F-11D3-BF4B-00C04F79EFBC}") = "Playground.API", "Web\Playground.API\Playground.API.csproj", "{8460B30D-32D0-464A-BE38-717A232AB4E0}"
EndProject
Project("{FAE04EC0-301F-11D3-BF4B-00C04F79EFBC}") = "Playground.Domain", "ApplicationCore\Playground.Domain\Playground.Domain.csproj", "{722D354A-44CB-47F2-A951-B598EC42F807}"
EndProject
Project("{2150E333-8FDC-42A3-9474-1A3956D46DE8}") = "ApplicationCore", "ApplicationCore", "{303757B5-5DAC-472D-9B47-CC8C877F306F}"
EndProject
Project("{2150E333-8FDC-42A3-9474-1A3956D46DE8}") = "Infrastructure", "Infrastructure", "{A329F0DF-E968-48C1-A945-F897E0237ED2}"
EndProject
Project("{FAE04EC0-301F-11D3-BF4B-00C04F79EFBC}") = "Playground.Infrastructure", "Infrastructure\Playground.Infrastructure\Playground.Infrastructure.csproj", "{FE1EC310-0355-4DDE-9B3D-4C5EA6A68F2A}"
EndProject
Project("{FAE04EC0-301F-11D3-BF4B-00C04F79EFBC}") = "Playground.Application", "ApplicationCore\Playground.Application\Playground.Application.csproj", "{3BD63324-1886-4371-8B26-C732665AC486}"
EndProject
Project("{FAE04EC0-301F-11D3-BF4B-00C04F79EFBC}") = "Playground.Persistence", "Infrastructure\Playground.Persistence\Playground.Persistence.csproj", "{F2EDFA42-C283-4886-ADE5-DF245848851F}"
EndProject
Project("{2150E333-8FDC-42A3-9474-1A3956D46DE8}") = "src", "src", "{A746190A-D50E-4512-A269-80140EFBCA83}"
EndProject
Project("{2150E333-8FDC-42A3-9474-1A3956D46DE8}") = "Solution Items", "Solution Items", "{F07334A9-592E-403F-A6CB-C96DE60B3A80}"
	ProjectSection(SolutionItems) = preProject
		..\README.md = ..\README.md
	EndProjectSection
EndProject
Global
	GlobalSection(SolutionConfigurationPlatforms) = preSolution
		Debug|Any CPU = Debug|Any CPU
		Release|Any CPU = Release|Any CPU
	EndGlobalSection
	GlobalSection(ProjectConfigurationPlatforms) = postSolution
		{8460B30D-32D0-464A-BE38-717A232AB4E0}.Debug|Any CPU.ActiveCfg = Debug|Any CPU
		{8460B30D-32D0-464A-BE38-717A232AB4E0}.Debug|Any CPU.Build.0 = Debug|Any CPU
		{8460B30D-32D0-464A-BE38-717A232AB4E0}.Release|Any CPU.ActiveCfg = Release|Any CPU
		{8460B30D-32D0-464A-BE38-717A232AB4E0}.Release|Any CPU.Build.0 = Release|Any CPU
		{722D354A-44CB-47F2-A951-B598EC42F807}.Debug|Any CPU.ActiveCfg = Debug|Any CPU
		{722D354A-44CB-47F2-A951-B598EC42F807}.Debug|Any CPU.Build.0 = Debug|Any CPU
		{722D354A-44CB-47F2-A951-B598EC42F807}.Release|Any CPU.ActiveCfg = Release|Any CPU
		{722D354A-44CB-47F2-A951-B598EC42F807}.Release|Any CPU.Build.0 = Release|Any CPU
		{FE1EC310-0355-4DDE-9B3D-4C5EA6A68F2A}.Debug|Any CPU.ActiveCfg = Debug|Any CPU
		{FE1EC310-0355-4DDE-9B3D-4C5EA6A68F2A}.Debug|Any CPU.Build.0 = Debug|Any CPU
		{FE1EC310-0355-4DDE-9B3D-4C5EA6A68F2A}.Release|Any CPU.ActiveCfg = Release|Any CPU
		{FE1EC310-0355-4DDE-9B3D-4C5EA6A68F2A}.Release|Any CPU.Build.0 = Release|Any CPU
		{3BD63324-1886-4371-8B26-C732665AC486}.Debug|Any CPU.ActiveCfg = Debug|Any CPU
		{3BD63324-1886-4371-8B26-C732665AC486}.Debug|Any CPU.Build.0 = Debug|Any CPU
		{3BD63324-1886-4371-8B26-C732665AC486}.Release|Any CPU.ActiveCfg = Release|Any CPU
		{3BD63324-1886-4371-8B26-C732665AC486}.Release|Any CPU.Build.0 = Release|Any CPU
		{F2EDFA42-C283-4886-ADE5-DF245848851F}.Debug|Any CPU.ActiveCfg = Debug|Any CPU
		{F2EDFA42-C283-4886-ADE5-DF245848851F}.Debug|Any CPU.Build.0 = Debug|Any CPU
		{F2EDFA42-C283-4886-ADE5-DF245848851F}.Release|Any CPU.ActiveCfg = Release|Any CPU
		{F2EDFA42-C283-4886-ADE5-DF245848851F}.Release|Any CPU.Build.0 = Release|Any CPU
	EndGlobalSection
	GlobalSection(SolutionProperties) = preSolution
		HideSolutionNode = FALSE
	EndGlobalSection
	GlobalSection(NestedProjects) = preSolution
		{8460B30D-32D0-464A-BE38-717A232AB4E0} = {A746190A-D50E-4512-A269-80140EFBCA83}
		{722D354A-44CB-47F2-A951-B598EC42F807} = {303757B5-5DAC-472D-9B47-CC8C877F306F}
		{303757B5-5DAC-472D-9B47-CC8C877F306F} = {A746190A-D50E-4512-A269-80140EFBCA83}
		{A329F0DF-E968-48C1-A945-F897E0237ED2} = {A746190A-D50E-4512-A269-80140EFBCA83}
		{FE1EC310-0355-4DDE-9B3D-4C5EA6A68F2A} = {A329F0DF-E968-48C1-A945-F897E0237ED2}
		{3BD63324-1886-4371-8B26-C732665AC486} = {303757B5-5DAC-472D-9B47-CC8C877F306F}
		{F2EDFA42-C283-4886-ADE5-DF245848851F} = {A329F0DF-E968-48C1-A945-F897E0237ED2}
	EndGlobalSection
	GlobalSection(ExtensibilityGlobals) = postSolution
		SolutionGuid = {BF6192FB-3BD1-4153-A9F9-8112B8F99299}
	EndGlobalSection
EndGlobal
